
Microsoft Visual Studio Solution File, Format Version 12.00
# Visual Studio 2013
VisualStudioVersion = 12.0.31101.0
MinimumVisualStudioVersion = 10.0.40219.1
Project("{FAE04EC0-301F-11D3-BF4B-00C04F79EFBC}") = "01.LeapYear", "01.LeapYear\01.LeapYear.csproj", "{A55BDEF0-834A-4AA7-B353-2AACFA598D07}"
EndProject
Project("{FAE04EC0-301F-11D3-BF4B-00C04F79EFBC}") = "02.RandomNumbers", "02.RandomNumbers\02.RandomNumbers.csproj", "{A32AD3B5-1D3B-41BB-9CA0-3932ED8AE3D2}"
EndProject
Project("{FAE04EC0-301F-11D3-BF4B-00C04F79EFBC}") = "03.DayOfWeek", "03.DayOfWeek\03.DayOfWeek.csproj", "{B212B579-99C0-4C21-B8DF-28D83B7979F6}"
EndProject
Project("{FAE04EC0-301F-11D3-BF4B-00C04F79EFBC}") = "04.TriangleSurface", "04.TriangleSurface\04.TriangleSurface.csproj", "{7E4FCE07-DA4F-4937-935C-E3E12832C53C}"
EndProject
Project("{FAE04EC0-301F-11D3-BF4B-00C04F79EFBC}") = "05.Workdays", "05.Workdays\05.Workdays.csproj", "{EA3A828E-2302-4740-BC5E-CA3B1503CE10}"
EndProject
Project("{FAE04EC0-301F-11D3-BF4B-00C04F79EFBC}") = "06.SumOfInts", "06.SumOfInts\06.SumOfInts.csproj", "{9F04C1CE-8D72-4C7A-A308-3B17DE7BB891}"
EndProject
Global
	GlobalSection(SolutionConfigurationPlatforms) = preSolution
		Debug|Any CPU = Debug|Any CPU
		Release|Any CPU = Release|Any CPU
	EndGlobalSection
	GlobalSection(ProjectConfigurationPlatforms) = postSolution
		{A55BDEF0-834A-4AA7-B353-2AACFA598D07}.Debug|Any CPU.ActiveCfg = Debug|Any CPU
		{A55BDEF0-834A-4AA7-B353-2AACFA598D07}.Debug|Any CPU.Build.0 = Debug|Any CPU
		{A55BDEF0-834A-4AA7-B353-2AACFA598D07}.Release|Any CPU.ActiveCfg = Release|Any CPU
		{A55BDEF0-834A-4AA7-B353-2AACFA598D07}.Release|Any CPU.Build.0 = Release|Any CPU
		{A32AD3B5-1D3B-41BB-9CA0-3932ED8AE3D2}.Debug|Any CPU.ActiveCfg = Debug|Any CPU
		{A32AD3B5-1D3B-41BB-9CA0-3932ED8AE3D2}.Debug|Any CPU.Build.0 = Debug|Any CPU
		{A32AD3B5-1D3B-41BB-9CA0-3932ED8AE3D2}.Release|Any CPU.ActiveCfg = Release|Any CPU
		{A32AD3B5-1D3B-41BB-9CA0-3932ED8AE3D2}.Release|Any CPU.Build.0 = Release|Any CPU
		{B212B579-99C0-4C21-B8DF-28D83B7979F6}.Debug|Any CPU.ActiveCfg = Debug|Any CPU
		{B212B579-99C0-4C21-B8DF-28D83B7979F6}.Debug|Any CPU.Build.0 = Debug|Any CPU
		{B212B579-99C0-4C21-B8DF-28D83B7979F6}.Release|Any CPU.ActiveCfg = Release|Any CPU
		{B212B579-99C0-4C21-B8DF-28D83B7979F6}.Release|Any CPU.Build.0 = Release|Any CPU
		{7E4FCE07-DA4F-4937-935C-E3E12832C53C}.Debug|Any CPU.ActiveCfg = Debug|Any CPU
		{7E4FCE07-DA4F-4937-935C-E3E12832C53C}.Debug|Any CPU.Build.0 = Debug|Any CPU
		{7E4FCE07-DA4F-4937-935C-E3E12832C53C}.Release|Any CPU.ActiveCfg = Release|Any CPU
		{7E4FCE07-DA4F-4937-935C-E3E12832C53C}.Release|Any CPU.Build.0 = Release|Any CPU
		{EA3A828E-2302-4740-BC5E-CA3B1503CE10}.Debug|Any CPU.ActiveCfg = Debug|Any CPU
		{EA3A828E-2302-4740-BC5E-CA3B1503CE10}.Debug|Any CPU.Build.0 = Debug|Any CPU
		{EA3A828E-2302-4740-BC5E-CA3B1503CE10}.Release|Any CPU.ActiveCfg = Release|Any CPU
		{EA3A828E-2302-4740-BC5E-CA3B1503CE10}.Release|Any CPU.Build.0 = Release|Any CPU
		{9F04C1CE-8D72-4C7A-A308-3B17DE7BB891}.Debug|Any CPU.ActiveCfg = Debug|Any CPU
		{9F04C1CE-8D72-4C7A-A308-3B17DE7BB891}.Debug|Any CPU.Build.0 = Debug|Any CPU
		{9F04C1CE-8D72-4C7A-A308-3B17DE7BB891}.Release|Any CPU.ActiveCfg = Release|Any CPU
		{9F04C1CE-8D72-4C7A-A308-3B17DE7BB891}.Release|Any CPU.Build.0 = Release|Any CPU
	EndGlobalSection
	GlobalSection(SolutionProperties) = preSolution
		HideSolutionNode = FALSE
	EndGlobalSection
EndGlobal
